// !$*UTF8*$!
{
	archiveVersion = 1;
	classes = {
	};
	objectVersion = 55;
	objects = {

/* Begin PBXBuildFile section */
		D3E6AAD627ACE48700B71FAF /* AppDelegate.swift in Sources */ = {isa = PBXBuildFile; fileRef = D3E6AAD527ACE48700B71FAF /* AppDelegate.swift */; };
		D3E6AAD827ACE48700B71FAF /* SceneDelegate.swift in Sources */ = {isa = PBXBuildFile; fileRef = D3E6AAD727ACE48700B71FAF /* SceneDelegate.swift */; };
		D3E6AADA27ACE48700B71FAF /* ViewController.swift in Sources */ = {isa = PBXBuildFile; fileRef = D3E6AAD927ACE48700B71FAF /* ViewController.swift */; };
		D3E6AADD27ACE48700B71FAF /* Main.storyboard in Resources */ = {isa = PBXBuildFile; fileRef = D3E6AADB27ACE48700B71FAF /* Main.storyboard */; };
		D3E6AADF27ACE48800B71FAF /* Assets.xcassets in Resources */ = {isa = PBXBuildFile; fileRef = D3E6AADE27ACE48800B71FAF /* Assets.xcassets */; };
		D3E6AAE227ACE48800B71FAF /* LaunchScreen.storyboard in Resources */ = {isa = PBXBuildFile; fileRef = D3E6AAE027ACE48800B71FAF /* LaunchScreen.storyboard */; };
		D3E6AAED27ACE48800B71FAF /* UIElelmentsDemoTests.swift in Sources */ = {isa = PBXBuildFile; fileRef = D3E6AAEC27ACE48800B71FAF /* UIElelmentsDemoTests.swift */; };
		D3E6AAF727ACE48800B71FAF /* UIElelmentsDemoUITests.swift in Sources */ = {isa = PBXBuildFile; fileRef = D3E6AAF627ACE48800B71FAF /* UIElelmentsDemoUITests.swift */; };
		D3E6AAF927ACE48800B71FAF /* UIElelmentsDemoUITestsLaunchTests.swift in Sources */ = {isa = PBXBuildFile; fileRef = D3E6AAF827ACE48800B71FAF /* UIElelmentsDemoUITestsLaunchTests.swift */; };
		D3E6AB0627ACEC3700B71FAF /* PickerVc.swift in Sources */ = {isa = PBXBuildFile; fileRef = D3E6AB0527ACEC3700B71FAF /* PickerVc.swift */; };
		D3E6AB0827AD061C00B71FAF /* DatePicker.swift in Sources */ = {isa = PBXBuildFile; fileRef = D3E6AB0727AD061C00B71FAF /* DatePicker.swift */; };
/* End PBXBuildFile section */

/* Begin PBXContainerItemProxy section */
		D3E6AAE927ACE48800B71FAF /* PBXContainerItemProxy */ = {
			isa = PBXContainerItemProxy;
			containerPortal = D3E6AACA27ACE48700B71FAF /* Project object */;
			proxyType = 1;
			remoteGlobalIDString = D3E6AAD127ACE48700B71FAF;
			remoteInfo = UIElelmentsDemo;
		};
		D3E6AAF327ACE48800B71FAF /* PBXContainerItemProxy */ = {
			isa = PBXContainerItemProxy;
			containerPortal = D3E6AACA27ACE48700B71FAF /* Project object */;
			proxyType = 1;
			remoteGlobalIDString = D3E6AAD127ACE48700B71FAF;
			remoteInfo = UIElelmentsDemo;
		};
/* End PBXContainerItemProxy section */

/* Begin PBXFileReference section */
		D3E6AAD227ACE48700B71FAF /* UIElelmentsDemo.app */ = {isa = PBXFileReference; explicitFileType = wrapper.application; includeInIndex = 0; path = UIElelmentsDemo.app; sourceTree = BUILT_PRODUCTS_DIR; };
		D3E6AAD527ACE48700B71FAF /* AppDelegate.swift */ = {isa = PBXFileReference; lastKnownFileType = sourcecode.swift; path = AppDelegate.swift; sourceTree = "<group>"; };
		D3E6AAD727ACE48700B71FAF /* SceneDelegate.swift */ = {isa = PBXFileReference; lastKnownFileType = sourcecode.swift; path = SceneDelegate.swift; sourceTree = "<group>"; };
		D3E6AAD927ACE48700B71FAF /* ViewController.swift */ = {isa = PBXFileReference; lastKnownFileType = sourcecode.swift; path = ViewController.swift; sourceTree = "<group>"; };
		D3E6AADC27ACE48700B71FAF /* Base */ = {isa = PBXFileReference; lastKnownFileType = file.storyboard; name = Base; path = Base.lproj/Main.storyboard; sourceTree = "<group>"; };
		D3E6AADE27ACE48800B71FAF /* Assets.xcassets */ = {isa = PBXFileReference; lastKnownFileType = folder.assetcatalog; path = Assets.xcassets; sourceTree = "<group>"; };
		D3E6AAE127ACE48800B71FAF /* Base */ = {isa = PBXFileReference; lastKnownFileType = file.storyboard; name = Base; path = Base.lproj/LaunchScreen.storyboard; sourceTree = "<group>"; };
		D3E6AAE327ACE48800B71FAF /* Info.plist */ = {isa = PBXFileReference; lastKnownFileType = text.plist.xml; path = Info.plist; sourceTree = "<group>"; };
		D3E6AAE827ACE48800B71FAF /* UIElelmentsDemoTests.xctest */ = {isa = PBXFileReference; explicitFileType = wrapper.cfbundle; includeInIndex = 0; path = UIElelmentsDemoTests.xctest; sourceTree = BUILT_PRODUCTS_DIR; };
		D3E6AAEC27ACE48800B71FAF /* UIElelmentsDemoTests.swift */ = {isa = PBXFileReference; lastKnownFileType = sourcecode.swift; path = UIElelmentsDemoTests.swift; sourceTree = "<group>"; };
		D3E6AAF227ACE48800B71FAF /* UIElelmentsDemoUITests.xctest */ = {isa = PBXFileReference; explicitFileType = wrapper.cfbundle; includeInIndex = 0; path = UIElelmentsDemoUITests.xctest; sourceTree = BUILT_PRODUCTS_DIR; };
		D3E6AAF627ACE48800B71FAF /* UIElelmentsDemoUITests.swift */ = {isa = PBXFileReference; lastKnownFileType = sourcecode.swift; path = UIElelmentsDemoUITests.swift; sourceTree = "<group>"; };
		D3E6AAF827ACE48800B71FAF /* UIElelmentsDemoUITestsLaunchTests.swift */ = {isa = PBXFileReference; lastKnownFileType = sourcecode.swift; path = UIElelmentsDemoUITestsLaunchTests.swift; sourceTree = "<group>"; };
		D3E6AB0527ACEC3700B71FAF /* PickerVc.swift */ = {isa = PBXFileReference; lastKnownFileType = sourcecode.swift; path = PickerVc.swift; sourceTree = "<group>"; };
		D3E6AB0727AD061C00B71FAF /* DatePicker.swift */ = {isa = PBXFileReference; lastKnownFileType = sourcecode.swift; path = DatePicker.swift; sourceTree = "<group>"; };
/* End PBXFileReference section */

/* Begin PBXFrameworksBuildPhase section */
		D3E6AACF27ACE48700B71FAF /* Frameworks */ = {
			isa = PBXFrameworksBuildPhase;
			buildActionMask = 2147483647;
			files = (
			);
			runOnlyForDeploymentPostprocessing = 0;
		};
		D3E6AAE527ACE48800B71FAF /* Frameworks */ = {
			isa = PBXFrameworksBuildPhase;
			buildActionMask = 2147483647;
			files = (
			);
			runOnlyForDeploymentPostprocessing = 0;
		};
		D3E6AAEF27ACE48800B71FAF /* Frameworks */ = {
			isa = PBXFrameworksBuildPhase;
			buildActionMask = 2147483647;
			files = (
			);
			runOnlyForDeploymentPostprocessing = 0;
		};
/* End PBXFrameworksBuildPhase section */

/* Begin PBXGroup section */
		D3E6AAC927ACE48700B71FAF = {
			isa = PBXGroup;
			children = (
				D3E6AAD427ACE48700B71FAF /* UIElelmentsDemo */,
				D3E6AAEB27ACE48800B71FAF /* UIElelmentsDemoTests */,
				D3E6AAF527ACE48800B71FAF /* UIElelmentsDemoUITests */,
				D3E6AAD327ACE48700B71FAF /* Products */,
			);
			sourceTree = "<group>";
		};
		D3E6AAD327ACE48700B71FAF /* Products */ = {
			isa = PBXGroup;
			children = (
				D3E6AAD227ACE48700B71FAF /* UIElelmentsDemo.app */,
				D3E6AAE827ACE48800B71FAF /* UIElelmentsDemoTests.xctest */,
				D3E6AAF227ACE48800B71FAF /* UIElelmentsDemoUITests.xctest */,
			);
			name = Products;
			sourceTree = "<group>";
		};
		D3E6AAD427ACE48700B71FAF /* UIElelmentsDemo */ = {
			isa = PBXGroup;
			children = (
				D3E6AAD527ACE48700B71FAF /* AppDelegate.swift */,
				D3E6AAD727ACE48700B71FAF /* SceneDelegate.swift */,
				D3E6AAD927ACE48700B71FAF /* ViewController.swift */,
				D3E6AADB27ACE48700B71FAF /* Main.storyboard */,
				D3E6AADE27ACE48800B71FAF /* Assets.xcassets */,
				D3E6AAE027ACE48800B71FAF /* LaunchScreen.storyboard */,
				D3E6AAE327ACE48800B71FAF /* Info.plist */,
				D3E6AB0527ACEC3700B71FAF /* PickerVc.swift */,
				D3E6AB0727AD061C00B71FAF /* DatePicker.swift */,
			);
			path = UIElelmentsDemo;
			sourceTree = "<group>";
		};
		D3E6AAEB27ACE48800B71FAF /* UIElelmentsDemoTests */ = {
			isa = PBXGroup;
			children = (
				D3E6AAEC27ACE48800B71FAF /* UIElelmentsDemoTests.swift */,
			);
			path = UIElelmentsDemoTests;
			sourceTree = "<group>";
		};
		D3E6AAF527ACE48800B71FAF /* UIElelmentsDemoUITests */ = {
			isa = PBXGroup;
			children = (
				D3E6AAF627ACE48800B71FAF /* UIElelmentsDemoUITests.swift */,
				D3E6AAF827ACE48800B71FAF /* UIElelmentsDemoUITestsLaunchTests.swift */,
			);
			path = UIElelmentsDemoUITests;
			sourceTree = "<group>";
		};
/* End PBXGroup section */

/* Begin PBXNativeTarget section */
		D3E6AAD127ACE48700B71FAF /* UIElelmentsDemo */ = {
			isa = PBXNativeTarget;
			buildConfigurationList = D3E6AAFC27ACE48800B71FAF /* Build configuration list for PBXNativeTarget "UIElelmentsDemo" */;
			buildPhases = (
				D3E6AACE27ACE48700B71FAF /* Sources */,
				D3E6AACF27ACE48700B71FAF /* Frameworks */,
				D3E6AAD027ACE48700B71FAF /* Resources */,
			);
			buildRules = (
			);
			dependencies = (
			);
			name = UIElelmentsDemo;
			productName = UIElelmentsDemo;
			productReference = D3E6AAD227ACE48700B71FAF /* UIElelmentsDemo.app */;
			productType = "com.apple.product-type.application";
		};
		D3E6AAE727ACE48800B71FAF /* UIElelmentsDemoTests */ = {
			isa = PBXNativeTarget;
			buildConfigurationList = D3E6AAFF27ACE48800B71FAF /* Build configuration list for PBXNativeTarget "UIElelmentsDemoTests" */;
			buildPhases = (
				D3E6AAE427ACE48800B71FAF /* Sources */,
				D3E6AAE527ACE48800B71FAF /* Frameworks */,
				D3E6AAE627ACE48800B71FAF /* Resources */,
			);
			buildRules = (
			);
			dependencies = (
				D3E6AAEA27ACE48800B71FAF /* PBXTargetDependency */,
			);
			name = UIElelmentsDemoTests;
			productName = UIElelmentsDemoTests;
			productReference = D3E6AAE827ACE48800B71FAF /* UIElelmentsDemoTests.xctest */;
			productType = "com.apple.product-type.bundle.unit-test";
		};
		D3E6AAF127ACE48800B71FAF /* UIElelmentsDemoUITests */ = {
			isa = PBXNativeTarget;
			buildConfigurationList = D3E6AB0227ACE48800B71FAF /* Build configuration list for PBXNativeTarget "UIElelmentsDemoUITests" */;
			buildPhases = (
				D3E6AAEE27ACE48800B71FAF /* Sources */,
				D3E6AAEF27ACE48800B71FAF /* Frameworks */,
				D3E6AAF027ACE48800B71FAF /* Resources */,
			);
			buildRules = (
			);
			dependencies = (
				D3E6AAF427ACE48800B71FAF /* PBXTargetDependency */,
			);
			name = UIElelmentsDemoUITests;
			productName = UIElelmentsDemoUITests;
			productReference = D3E6AAF227ACE48800B71FAF /* UIElelmentsDemoUITests.xctest */;
			productType = "com.apple.product-type.bundle.ui-testing";
		};
/* End PBXNativeTarget section */

/* Begin PBXProject section */
		D3E6AACA27ACE48700B71FAF /* Project object */ = {
			isa = PBXProject;
			attributes = {
				BuildIndependentTargetsInParallel = 1;
				LastSwiftUpdateCheck = 1320;
				LastUpgradeCheck = 1320;
				TargetAttributes = {
					D3E6AAD127ACE48700B71FAF = {
						CreatedOnToolsVersion = 13.2.1;
					};
					D3E6AAE727ACE48800B71FAF = {
						CreatedOnToolsVersion = 13.2.1;
						TestTargetID = D3E6AAD127ACE48700B71FAF;
					};
					D3E6AAF127ACE48800B71FAF = {
						CreatedOnToolsVersion = 13.2.1;
						TestTargetID = D3E6AAD127ACE48700B71FAF;
					};
				};
			};
			buildConfigurationList = D3E6AACD27ACE48700B71FAF /* Build configuration list for PBXProject "UIElelmentsDemo" */;
			compatibilityVersion = "Xcode 13.0";
			developmentRegion = en;
			hasScannedForEncodings = 0;
			knownRegions = (
				en,
				Base,
			);
			mainGroup = D3E6AAC927ACE48700B71FAF;
			productRefGroup = D3E6AAD327ACE48700B71FAF /* Products */;
			projectDirPath = "";
			projectRoot = "";
			targets = (
				D3E6AAD127ACE48700B71FAF /* UIElelmentsDemo */,
				D3E6AAE727ACE48800B71FAF /* UIElelmentsDemoTests */,
				D3E6AAF127ACE48800B71FAF /* UIElelmentsDemoUITests */,
			);
		};
/* End PBXProject section */

/* Begin PBXResourcesBuildPhase section */
		D3E6AAD027ACE48700B71FAF /* Resources */ = {
			isa = PBXResourcesBuildPhase;
			buildActionMask = 2147483647;
			files = (
				D3E6AAE227ACE48800B71FAF /* LaunchScreen.storyboard in Resources */,
				D3E6AADF27ACE48800B71FAF /* Assets.xcassets in Resources */,
				D3E6AADD27ACE48700B71FAF /* Main.storyboard in Resources */,
			);
			runOnlyForDeploymentPostprocessing = 0;
		};
		D3E6AAE627ACE48800B71FAF /* Resources */ = {
			isa = PBXResourcesBuildPhase;
			buildActionMask = 2147483647;
			files = (
			);
			runOnlyForDeploymentPostprocessing = 0;
		};
		D3E6AAF027ACE48800B71FAF /* Resources */ = {
			isa = PBXResourcesBuildPhase;
			buildActionMask = 2147483647;
			files = (
			);
			runOnlyForDeploymentPostprocessing = 0;
		};
/* End PBXResourcesBuildPhase section */

/* Begin PBXSourcesBuildPhase section */
		D3E6AACE27ACE48700B71FAF /* Sources */ = {
			isa = PBXSourcesBuildPhase;
			buildActionMask = 2147483647;
			files = (
				D3E6AB0627ACEC3700B71FAF /* PickerVc.swift in Sources */,
				D3E6AADA27ACE48700B71FAF /* ViewController.swift in Sources */,
				D3E6AAD627ACE48700B71FAF /* AppDelegate.swift in Sources */,
				D3E6AAD827ACE48700B71FAF /* SceneDelegate.swift in Sources */,
				D3E6AB0827AD061C00B71FAF /* DatePicker.swift in Sources */,
			);
			runOnlyForDeploymentPostprocessing = 0;
		};
		D3E6AAE427ACE48800B71FAF /* Sources */ = {
			isa = PBXSourcesBuildPhase;
			buildActionMask = 2147483647;
			files = (
				D3E6AAED27ACE48800B71FAF /* UIElelmentsDemoTests.swift in Sources */,
			);
			runOnlyForDeploymentPostprocessing = 0;
		};
		D3E6AAEE27ACE48800B71FAF /* Sources */ = {
			isa = PBXSourcesBuildPhase;
			buildActionMask = 2147483647;
			files = (
				D3E6AAF727ACE48800B71FAF /* UIElelmentsDemoUITests.swift in Sources */,
				D3E6AAF927ACE48800B71FAF /* UIElelmentsDemoUITestsLaunchTests.swift in Sources */,
			);
			runOnlyForDeploymentPostprocessing = 0;
		};
/* End PBXSourcesBuildPhase section */

/* Begin PBXTargetDependency section */
		D3E6AAEA27ACE48800B71FAF /* PBXTargetDependency */ = {
			isa = PBXTargetDependency;
			target = D3E6AAD127ACE48700B71FAF /* UIElelmentsDemo */;
			targetProxy = D3E6AAE927ACE48800B71FAF /* PBXContainerItemProxy */;
		};
		D3E6AAF427ACE48800B71FAF /* PBXTargetDependency */ = {
			isa = PBXTargetDependency;
			target = D3E6AAD127ACE48700B71FAF /* UIElelmentsDemo */;
			targetProxy = D3E6AAF327ACE48800B71FAF /* PBXContainerItemProxy */;
		};
/* End PBXTargetDependency section */

/* Begin PBXVariantGroup section */
		D3E6AADB27ACE48700B71FAF /* Main.storyboard */ = {
			isa = PBXVariantGroup;
			children = (
				D3E6AADC27ACE48700B71FAF /* Base */,
			);
			name = Main.storyboard;
			sourceTree = "<group>";
		};
		D3E6AAE027ACE48800B71FAF /* LaunchScreen.storyboard */ = {
			isa = PBXVariantGroup;
			children = (
				D3E6AAE127ACE48800B71FAF /* Base */,
			);
			name = LaunchScreen.storyboard;
			sourceTree = "<group>";
		};
/* End PBXVariantGroup section */

/* Begin XCBuildConfiguration section */
		D3E6AAFA27ACE48800B71FAF /* Debug */ = {
			isa = XCBuildConfiguration;
			buildSettings = {
				ALWAYS_SEARCH_USER_PATHS = NO;
				CLANG_ANALYZER_NONNULL = YES;
				CLANG_ANALYZER_NUMBER_OBJECT_CONVERSION = YES_AGGRESSIVE;
				CLANG_CXX_LANGUAGE_STANDARD = "gnu++17";
				CLANG_CXX_LIBRARY = "libc++";
				CLANG_ENABLE_MODULES = YES;
				CLANG_ENABLE_OBJC_ARC = YES;
				CLANG_ENABLE_OBJC_WEAK = YES;
				CLANG_WARN_BLOCK_CAPTURE_AUTORELEASING = YES;
				CLANG_WARN_BOOL_CONVERSION = YES;
				CLANG_WARN_COMMA = YES;
				CLANG_WARN_CONSTANT_CONVERSION = YES;
				CLANG_WARN_DEPRECATED_OBJC_IMPLEMENTATIONS = YES;
				CLANG_WARN_DIRECT_OBJC_ISA_USAGE = YES_ERROR;
				CLANG_WARN_DOCUMENTATION_COMMENTS = YES;
				CLANG_WARN_EMPTY_BODY = YES;
				CLANG_WARN_ENUM_CONVERSION = YES;
				CLANG_WARN_INFINITE_RECURSION = YES;
				CLANG_WARN_INT_CONVERSION = YES;
				CLANG_WARN_NON_LITERAL_NULL_CONVERSION = YES;
				CLANG_WARN_OBJC_IMPLICIT_RETAIN_SELF = YES;
				CLANG_WARN_OBJC_LITERAL_CONVERSION = YES;
				CLANG_WARN_OBJC_ROOT_CLASS = YES_ERROR;
				CLANG_WARN_QUOTED_INCLUDE_IN_FRAMEWORK_HEADER = YES;
				CLANG_WARN_RANGE_LOOP_ANALYSIS = YES;
				CLANG_WARN_STRICT_PROTOTYPES = YES;
				CLANG_WARN_SUSPICIOUS_MOVE = YES;
				CLANG_WARN_UNGUARDED_AVAILABILITY = YES_AGGRESSIVE;
				CLANG_WARN_UNREACHABLE_CODE = YES;
				CLANG_WARN__DUPLICATE_METHOD_MATCH = YES;
				COPY_PHASE_STRIP = NO;
				DEBUG_INFORMATION_FORMAT = dwarf;
				ENABLE_STRICT_OBJC_MSGSEND = YES;
				ENABLE_TESTABILITY = YES;
				GCC_C_LANGUAGE_STANDARD = gnu11;
				GCC_DYNAMIC_NO_PIC = NO;
				GCC_NO_COMMON_BLOCKS = YES;
				GCC_OPTIMIZATION_LEVEL = 0;
				GCC_PREPROCESSOR_DEFINITIONS = (
					"DEBUG=1",
					"$(inherited)",
				);
				GCC_WARN_64_TO_32_BIT_CONVERSION = YES;
				GCC_WARN_ABOUT_RETURN_TYPE = YES_ERROR;
				GCC_WARN_UNDECLARED_SELECTOR = YES;
				GCC_WARN_UNINITIALIZED_AUTOS = YES_AGGRESSIVE;
				GCC_WARN_UNUSED_FUNCTION = YES;
				GCC_WARN_UNUSED_VARIABLE = YES;
				IPHONEOS_DEPLOYMENT_TARGET = 15.2;
				MTL_ENABLE_DEBUG_INFO = INCLUDE_SOURCE;
				MTL_FAST_MATH = YES;
				ONLY_ACTIVE_ARCH = YES;
				SDKROOT = iphoneos;
				SWIFT_ACTIVE_COMPILATION_CONDITIONS = DEBUG;
				SWIFT_OPTIMIZATION_LEVEL = "-Onone";
			};
			name = Debug;
		};
		D3E6AAFB27ACE48800B71FAF /* Release */ = {
			isa = XCBuildConfiguration;
			buildSettings = {
				ALWAYS_SEARCH_USER_PATHS = NO;
				CLANG_ANALYZER_NONNULL = YES;
				CLANG_ANALYZER_NUMBER_OBJECT_CONVERSION = YES_AGGRESSIVE;
				CLANG_CXX_LANGUAGE_STANDARD = "gnu++17";
				CLANG_CXX_LIBRARY = "libc++";
				CLANG_ENABLE_MODULES = YES;
				CLANG_ENABLE_OBJC_ARC = YES;
				CLANG_ENABLE_OBJC_WEAK = YES;
				CLANG_WARN_BLOCK_CAPTURE_AUTORELEASING = YES;
				CLANG_WARN_BOOL_CONVERSION = YES;
				CLANG_WARN_COMMA = YES;
				CLANG_WARN_CONSTANT_CONVERSION = YES;
				CLANG_WARN_DEPRECATED_OBJC_IMPLEMENTATIONS = YES;
				CLANG_WARN_DIRECT_OBJC_ISA_USAGE = YES_ERROR;
				CLANG_WARN_DOCUMENTATION_COMMENTS = YES;
				CLANG_WARN_EMPTY_BODY = YES;
				CLANG_WARN_ENUM_CONVERSION = YES;
				CLANG_WARN_INFINITE_RECURSION = YES;
				CLANG_WARN_INT_CONVERSION = YES;
				CLANG_WARN_NON_LITERAL_NULL_CONVERSION = YES;
				CLANG_WARN_OBJC_IMPLICIT_RETAIN_SELF = YES;
				CLANG_WARN_OBJC_LITERAL_CONVERSION = YES;
				CLANG_WARN_OBJC_ROOT_CLASS = YES_ERROR;
				CLANG_WARN_QUOTED_INCLUDE_IN_FRAMEWORK_HEADER = YES;
				CLANG_WARN_RANGE_LOOP_ANALYSIS = YES;
				CLANG_WARN_STRICT_PROTOTYPES = YES;
				CLANG_WARN_SUSPICIOUS_MOVE = YES;
				CLANG_WARN_UNGUARDED_AVAILABILITY = YES_AGGRESSIVE;
				CLANG_WARN_UNREACHABLE_CODE = YES;
				CLANG_WARN__DUPLICATE_METHOD_MATCH = YES;
				COPY_PHASE_STRIP = NO;
				DEBUG_INFORMATION_FORMAT = "dwarf-with-dsym";
				ENABLE_NS_ASSERTIONS = NO;
				ENABLE_STRICT_OBJC_MSGSEND = YES;
				GCC_C_LANGUAGE_STANDARD = gnu11;
				GCC_NO_COMMON_BLOCKS = YES;
				GCC_WARN_64_TO_32_BIT_CONVERSION = YES;
				GCC_WARN_ABOUT_RETURN_TYPE = YES_ERROR;
				GCC_WARN_UNDECLARED_SELECTOR = YES;
				GCC_WARN_UNINITIALIZED_AUTOS = YES_AGGRESSIVE;
				GCC_WARN_UNUSED_FUNCTION = YES;
				GCC_WARN_UNUSED_VARIABLE = YES;
				IPHONEOS_DEPLOYMENT_TARGET = 15.2;
				MTL_ENABLE_DEBUG_INFO = NO;
				MTL_FAST_MATH = YES;
				SDKROOT = iphoneos;
				SWIFT_COMPILATION_MODE = wholemodule;
				SWIFT_OPTIMIZATION_LEVEL = "-O";
				VALIDATE_PRODUCT = YES;
			};
			name = Release;
		};
		D3E6AAFD27ACE48800B71FAF /* Debug */ = {
			isa = XCBuildConfiguration;
			buildSettings = {
				ASSETCATALOG_COMPILER_APPICON_NAME = AppIcon;
				ASSETCATALOG_COMPILER_GLOBAL_ACCENT_COLOR_NAME = AccentColor;
				CODE_SIGN_STYLE = Automatic;
				CURRENT_PROJECT_VERSION = 1;
				GENERATE_INFOPLIST_FILE = YES;
				INFOPLIST_FILE = UIElelmentsDemo/Info.plist;
				INFOPLIST_KEY_UIApplicationSupportsIndirectInputEvents = YES;
				INFOPLIST_KEY_UILaunchStoryboardName = LaunchScreen;
				INFOPLIST_KEY_UIMainStoryboardFile = Main;
				INFOPLIST_KEY_UISupportedInterfaceOrientations_iPad = "UIInterfaceOrientationPortrait UIInterfaceOrientationPortraitUpsideDown UIInterfaceOrientationLandscapeLeft UIInterfaceOrientationLandscapeRight";
				INFOPLIST_KEY_UISupportedInterfaceOrientations_iPhone = "UIInterfaceOrientationPortrait UIInterfaceOrientationLandscapeLeft UIInterfaceOrientationLandscapeRight";
				LD_RUNPATH_SEARCH_PATHS = (
					"$(inherited)",
					"@executable_path/Frameworks",
				);
				MARKETING_VERSION = 1.0;
				PRODUCT_BUNDLE_IDENTIFIER = com.comviva.UIElelmentsDemo;
				PRODUCT_NAME = "$(TARGET_NAME)";
				SWIFT_EMIT_LOC_STRINGS = YES;
				SWIFT_VERSION = 5.0;
				TARGETED_DEVICE_FAMILY = "1,2";
			};
			name = Debug;
		};
		D3E6AAFE27ACE48800B71FAF /* Release */ = {
			isa = XCBuildConfiguration;
			buildSettings = {
				ASSETCATALOG_COMPILER_APPICON_NAME = AppIcon;
				ASSETCATALOG_COMPILER_GLOBAL_ACCENT_COLOR_NAME = AccentColor;
				CODE_SIGN_STYLE = Automatic;
				CURRENT_PROJECT_VERSION = 1;
				GENERATE_INFOPLIST_FILE = YES;
				INFOPLIST_FILE = UIElelmentsDemo/Info.plist;
				INFOPLIST_KEY_UIApplicationSupportsIndirectInputEvents = YES;
				INFOPLIST_KEY_UILaunchStoryboardName = LaunchScreen;
				INFOPLIST_KEY_UIMainStoryboardFile = Main;
				INFOPLIST_KEY_UISupportedInterfaceOrientations_iPad = "UIInterfaceOrientationPortrait UIInterfaceOrientationPortraitUpsideDown UIInterfaceOrientationLandscapeLeft UIInterfaceOrientationLandscapeRight";
				INFOPLIST_KEY_UISupportedInterfaceOrientations_iPhone = "UIInterfaceOrientationPortrait UIInterfaceOrientationLandscapeLeft UIInterfaceOrientationLandscapeRight";
				LD_RUNPATH_SEARCH_PATHS = (
					"$(inherited)",
					"@executable_path/Frameworks",
				);
				MARKETING_VERSION = 1.0;
				PRODUCT_BUNDLE_IDENTIFIER = com.comviva.UIElelmentsDemo;
				PRODUCT_NAME = "$(TARGET_NAME)";
				SWIFT_EMIT_LOC_STRINGS = YES;
				SWIFT_VERSION = 5.0;
				TARGETED_DEVICE_FAMILY = "1,2";
			};
			name = Release;
		};
		D3E6AB0027ACE48800B71FAF /* Debug */ = {
			isa = XCBuildConfiguration;
			buildSettings = {
				ALWAYS_EMBED_SWIFT_STANDARD_LIBRARIES = YES;
				BUNDLE_LOADER = "$(TEST_HOST)";
				CODE_SIGN_STYLE = Automatic;
				CURRENT_PROJECT_VERSION = 1;
				GENERATE_INFOPLIST_FILE = YES;
				IPHONEOS_DEPLOYMENT_TARGET = 15.2;
				MARKETING_VERSION = 1.0;
				PRODUCT_BUNDLE_IDENTIFIER = com.comviva.UIElelmentsDemoTests;
				PRODUCT_NAME = "$(TARGET_NAME)";
				SWIFT_EMIT_LOC_STRINGS = NO;
				SWIFT_VERSION = 5.0;
				TARGETED_DEVICE_FAMILY = "1,2";
				TEST_HOST = "$(BUILT_PRODUCTS_DIR)/UIElelmentsDemo.app/UIElelmentsDemo";
			};
			name = Debug;
		};
		D3E6AB0127ACE48800B71FAF /* Release */ = {
			isa = XCBuildConfiguration;
			buildSettings = {
				ALWAYS_EMBED_SWIFT_STANDARD_LIBRARIES = YES;
				BUNDLE_LOADER = "$(TEST_HOST)";
				CODE_SIGN_STYLE = Automatic;
				CURRENT_PROJECT_VERSION = 1;
				GENERATE_INFOPLIST_FILE = YES;
				IPHONEOS_DEPLOYMENT_TARGET = 15.2;
				MARKETING_VERSION = 1.0;
				PRODUCT_BUNDLE_IDENTIFIER = com.comviva.UIElelmentsDemoTests;
				PRODUCT_NAME = "$(TARGET_NAME)";
				SWIFT_EMIT_LOC_STRINGS = NO;
				SWIFT_VERSION = 5.0;
				TARGETED_DEVICE_FAMILY = "1,2";
				TEST_HOST = "$(BUILT_PRODUCTS_DIR)/UIElelmentsDemo.app/UIElelmentsDemo";
			};
			name = Release;
		};
		D3E6AB0327ACE48800B71FAF /* Debug */ = {
			isa = XCBuildConfiguration;
			buildSettings = {
				ALWAYS_EMBED_SWIFT_STANDARD_LIBRARIES = YES;
				CODE_SIGN_STYLE = Automatic;
				CURRENT_PROJECT_VERSION = 1;
				GENERATE_INFOPLIST_FILE = YES;
				MARKETING_VERSION = 1.0;
				PRODUCT_BUNDLE_IDENTIFIER = com.comviva.UIElelmentsDemoUITests;
				PRODUCT_NAME = "$(TARGET_NAME)";
				SWIFT_EMIT_LOC_STRINGS = NO;
				SWIFT_VERSION = 5.0;
				TARGETED_DEVICE_FAMILY = "1,2";
				TEST_TARGET_NAME = UIElelmentsDemo;
			};
			name = Debug;
		};
		D3E6AB0427ACE48800B71FAF /* Release */ = {
			isa = XCBuildConfiguration;
			buildSettings = {
				ALWAYS_EMBED_SWIFT_STANDARD_LIBRARIES = YES;
				CODE_SIGN_STYLE = Automatic;
				CURRENT_PROJECT_VERSION = 1;
				GENERATE_INFOPLIST_FILE = YES;
				MARKETING_VERSION = 1.0;
				PRODUCT_BUNDLE_IDENTIFIER = com.comviva.UIElelmentsDemoUITests;
				PRODUCT_NAME = "$(TARGET_NAME)";
				SWIFT_EMIT_LOC_STRINGS = NO;
				SWIFT_VERSION = 5.0;
				TARGETED_DEVICE_FAMILY = "1,2";
				TEST_TARGET_NAME = UIElelmentsDemo;
			};
			name = Release;
		};
/* End XCBuildConfiguration section */

/* Begin XCConfigurationList section */
		D3E6AACD27ACE48700B71FAF /* Build configuration list for PBXProject "UIElelmentsDemo" */ = {
			isa = XCConfigurationList;
			buildConfigurations = (
				D3E6AAFA27ACE48800B71FAF /* Debug */,
				D3E6AAFB27ACE48800B71FAF /* Release */,
			);
			defaultConfigurationIsVisible = 0;
			defaultConfigurationName = Release;
		};
		D3E6AAFC27ACE48800B71FAF /* Build configuration list for PBXNativeTarget "UIElelmentsDemo" */ = {
			isa = XCConfigurationList;
			buildConfigurations = (
				D3E6AAFD27ACE48800B71FAF /* Debug */,
				D3E6AAFE27ACE48800B71FAF /* Release */,
			);
			defaultConfigurationIsVisible = 0;
			defaultConfigurationName = Release;
		};
		D3E6AAFF27ACE48800B71FAF /* Build configuration list for PBXNativeTarget "UIElelmentsDemoTests" */ = {
			isa = XCConfigurationList;
			buildConfigurations = (
				D3E6AB0027ACE48800B71FAF /* Debug */,
				D3E6AB0127ACE48800B71FAF /* Release */,
			);
			defaultConfigurationIsVisible = 0;
			defaultConfigurationName = Release;
		};
		D3E6AB0227ACE48800B71FAF /* Build configuration list for PBXNativeTarget "UIElelmentsDemoUITests" */ = {
			isa = XCConfigurationList;
			buildConfigurations = (
				D3E6AB0327ACE48800B71FAF /* Debug */,
				D3E6AB0427ACE48800B71FAF /* Release */,
			);
			defaultConfigurationIsVisible = 0;
			defaultConfigurationName = Release;
		};
/* End XCConfigurationList section */
	};
	rootObject = D3E6AACA27ACE48700B71FAF /* Project object */;
}
